// !$*UTF8*$!
{
	archiveVersion = 1;
	classes = {
	};
	objectVersion = 46;
	objects = {

/* Begin PBXBuildFile section */
		BF2503CB1D78425A00B6C1AA /* ansichtTableViewController.swift in Sources */ = {isa = PBXBuildFile; fileRef = BF2503CA1D78425A00B6C1AA /* ansichtTableViewController.swift */; };
		BF2503CD1D78770300B6C1AA /* mapViewController.swift in Sources */ = {isa = PBXBuildFile; fileRef = BF2503CC1D78770300B6C1AA /* mapViewController.swift */; };
		BF2503DA1D7AFB9400B6C1AA /* hinzufügenTableViewController.swift in Sources */ = {isa = PBXBuildFile; fileRef = BF2503D91D7AFB9400B6C1AA /* hinzufügenTableViewController.swift */; };
		BF2503DC1D7B096D00B6C1AA /* startseiteTableViewController.swift in Sources */ = {isa = PBXBuildFile; fileRef = BF2503DB1D7B096D00B6C1AA /* startseiteTableViewController.swift */; };
		BF48A4811E3A60CB00F6416A /* startseiteTableViewCellViewController.xib in Resources */ = {isa = PBXBuildFile; fileRef = BF48A4801E3A60CB00F6416A /* startseiteTableViewCellViewController.xib */; };
		BF48A4871E3A62BB00F6416A /* startseiteTableViewCellViewController.swift in Sources */ = {isa = PBXBuildFile; fileRef = BF48A4861E3A62BB00F6416A /* startseiteTableViewCellViewController.swift */; };
		BF506E9F1D99667100BCBEC7 /* ringtoneContainerViewController.swift in Sources */ = {isa = PBXBuildFile; fileRef = BF506E9E1D99667000BCBEC7 /* ringtoneContainerViewController.swift */; };
		BF506EA11D996CFA00BCBEC7 /* ringtoneTableViewController.swift in Sources */ = {isa = PBXBuildFile; fileRef = BF506EA01D996CFA00BCBEC7 /* ringtoneTableViewController.swift */; };
		BF517DB81D99A68300E24392 /* suchenContainerViewController.swift in Sources */ = {isa = PBXBuildFile; fileRef = BF517DB71D99A68300E24392 /* suchenContainerViewController.swift */; };
		BF57D95C1DEDE312006E73EE /* CoreDataZwo.xcdatamodeld in Sources */ = {isa = PBXBuildFile; fileRef = BF57D95A1DEDE312006E73EE /* CoreDataZwo.xcdatamodeld */; };
		BF594A561DE3277E00F80233 /* LocalAuthentication.framework in Frameworks */ = {isa = PBXBuildFile; fileRef = BF594A551DE3277E00F80233 /* LocalAuthentication.framework */; };
		BF5F03EF1DA5B7CA00889974 /* detailSuchenContainerViewController.swift in Sources */ = {isa = PBXBuildFile; fileRef = BF5F03EE1DA5B7CA00889974 /* detailSuchenContainerViewController.swift */; };
		BF5F03F11DA5B7E500889974 /* detailSuchenTableViewController.swift in Sources */ = {isa = PBXBuildFile; fileRef = BF5F03F01DA5B7E500889974 /* detailSuchenTableViewController.swift */; };
		BF6EA7671E3E128E00723E4B /* sound1.mp3 in Resources */ = {isa = PBXBuildFile; fileRef = BF6EA7641E3E128E00723E4B /* sound1.mp3 */; };
		BF6EA7681E3E128E00723E4B /* sound2.mp3 in Resources */ = {isa = PBXBuildFile; fileRef = BF6EA7651E3E128E00723E4B /* sound2.mp3 */; };
		BF6EA7691E3E128E00723E4B /* sound3.mp3 in Resources */ = {isa = PBXBuildFile; fileRef = BF6EA7661E3E128E00723E4B /* sound3.mp3 */; };
		BF97E3081D9F13EC00E1D2A2 /* confirmPasswordTableViewController.swift in Sources */ = {isa = PBXBuildFile; fileRef = BF97E3071D9F13EC00E1D2A2 /* confirmPasswordTableViewController.swift */; };
		BFC079331D9AE9C200731A56 /* setPasswordContainerViewController.swift in Sources */ = {isa = PBXBuildFile; fileRef = BFC079321D9AE9C200731A56 /* setPasswordContainerViewController.swift */; };
		BFC079351D9AEDD000731A56 /* farbeContainerViewController.swift in Sources */ = {isa = PBXBuildFile; fileRef = BFC079341D9AEDD000731A56 /* farbeContainerViewController.swift */; };
		BFC079371D9AF29300731A56 /* suchenTableViewController.swift in Sources */ = {isa = PBXBuildFile; fileRef = BFC079361D9AF29300731A56 /* suchenTableViewController.swift */; };
		BFC3ED801D78204200BAC946 /* AppDelegate.swift in Sources */ = {isa = PBXBuildFile; fileRef = BFC3ED7F1D78204200BAC946 /* AppDelegate.swift */; };
		BFC3ED851D78204200BAC946 /* Main.storyboard in Resources */ = {isa = PBXBuildFile; fileRef = BFC3ED831D78204200BAC946 /* Main.storyboard */; };
		BFC3ED8A1D78204200BAC946 /* Assets.xcassets in Resources */ = {isa = PBXBuildFile; fileRef = BFC3ED891D78204200BAC946 /* Assets.xcassets */; };
		BFC3ED8D1D78204200BAC946 /* LaunchScreen.storyboard in Resources */ = {isa = PBXBuildFile; fileRef = BFC3ED8B1D78204200BAC946 /* LaunchScreen.storyboard */; };
		BFC3ED981D78204200BAC946 /* CoreDataZwoTests.swift in Sources */ = {isa = PBXBuildFile; fileRef = BFC3ED971D78204200BAC946 /* CoreDataZwoTests.swift */; };
		BFC3EDA31D78204200BAC946 /* CoreDataZwoUITests.swift in Sources */ = {isa = PBXBuildFile; fileRef = BFC3EDA21D78204200BAC946 /* CoreDataZwoUITests.swift */; };
		BFD3E3591D9D0804008EDDAA /* confirmPasswordContainerViewController.swift in Sources */ = {isa = PBXBuildFile; fileRef = BFD3E3581D9D0804008EDDAA /* confirmPasswordContainerViewController.swift */; };
		BFD3E35C1D9D190B008EDDAA /* verbindenContainerViewController.swift in Sources */ = {isa = PBXBuildFile; fileRef = BFD3E35B1D9D190A008EDDAA /* verbindenContainerViewController.swift */; };
		BFD3E35E1D9D1AF7008EDDAA /* tabBarController.swift in Sources */ = {isa = PBXBuildFile; fileRef = BFD3E35D1D9D1AF7008EDDAA /* tabBarController.swift */; };
		BFD3E3601D9D2555008EDDAA /* verbindenTableViewController.swift in Sources */ = {isa = PBXBuildFile; fileRef = BFD3E35F1D9D2555008EDDAA /* verbindenTableViewController.swift */; };
		BFD45BE81D7B935F00668D06 /* farbeTableViewController.swift in Sources */ = {isa = PBXBuildFile; fileRef = BFD45BE71D7B935F00668D06 /* farbeTableViewController.swift */; };
		BFD45BEB1D7C55AF00668D06 /* setPasswordTableViewController.swift in Sources */ = {isa = PBXBuildFile; fileRef = BFD45BEA1D7C55AF00668D06 /* setPasswordTableViewController.swift */; };
		BFD45BEE1D7C89A300668D06 /* moreTableViewController.swift in Sources */ = {isa = PBXBuildFile; fileRef = BFD45BED1D7C89A300668D06 /* moreTableViewController.swift */; };
		BFE1BAB71D9AA8F30086D7F6 /* ansichtContainerViewController.swift in Sources */ = {isa = PBXBuildFile; fileRef = BFE1BAB61D9AA8F30086D7F6 /* ansichtContainerViewController.swift */; };
		BFE1BAB91D9AAC470086D7F6 /* hinzufügenContainerViewController.swift in Sources */ = {isa = PBXBuildFile; fileRef = BFE1BAB81D9AAC470086D7F6 /* hinzufügenContainerViewController.swift */; };
/* End PBXBuildFile section */

/* Begin PBXContainerItemProxy section */
		BFC3ED941D78204200BAC946 /* PBXContainerItemProxy */ = {
			isa = PBXContainerItemProxy;
			containerPortal = BFC3ED741D78204100BAC946 /* Project object */;
			proxyType = 1;
			remoteGlobalIDString = BFC3ED7B1D78204100BAC946;
			remoteInfo = CoreDataZwo;
		};
		BFC3ED9F1D78204200BAC946 /* PBXContainerItemProxy */ = {
			isa = PBXContainerItemProxy;
			containerPortal = BFC3ED741D78204100BAC946 /* Project object */;
			proxyType = 1;
			remoteGlobalIDString = BFC3ED7B1D78204100BAC946;
			remoteInfo = CoreDataZwo;
		};
/* End PBXContainerItemProxy section */

/* Begin PBXFileReference section */
		BF2503CA1D78425A00B6C1AA /* ansichtTableViewController.swift */ = {isa = PBXFileReference; fileEncoding = 4; lastKnownFileType = sourcecode.swift; path = ansichtTableViewController.swift; sourceTree = "<group>"; };
		BF2503CC1D78770300B6C1AA /* mapViewController.swift */ = {isa = PBXFileReference; fileEncoding = 4; lastKnownFileType = sourcecode.swift; path = mapViewController.swift; sourceTree = "<group>"; };
		BF2503D91D7AFB9400B6C1AA /* hinzufügenTableViewController.swift */ = {isa = PBXFileReference; fileEncoding = 4; lastKnownFileType = sourcecode.swift; path = "hinzufügenTableViewController.swift"; sourceTree = "<group>"; };
		BF2503DB1D7B096D00B6C1AA /* startseiteTableViewController.swift */ = {isa = PBXFileReference; fileEncoding = 4; lastKnownFileType = sourcecode.swift; path = startseiteTableViewController.swift; sourceTree = "<group>"; };
		BF48A4801E3A60CB00F6416A /* startseiteTableViewCellViewController.xib */ = {isa = PBXFileReference; fileEncoding = 4; lastKnownFileType = file.xib; path = startseiteTableViewCellViewController.xib; sourceTree = "<group>"; };
		BF48A4861E3A62BB00F6416A /* startseiteTableViewCellViewController.swift */ = {isa = PBXFileReference; fileEncoding = 4; lastKnownFileType = sourcecode.swift; path = startseiteTableViewCellViewController.swift; sourceTree = "<group>"; };
		BF506E9E1D99667000BCBEC7 /* ringtoneContainerViewController.swift */ = {isa = PBXFileReference; fileEncoding = 4; lastKnownFileType = sourcecode.swift; path = ringtoneContainerViewController.swift; sourceTree = "<group>"; };
		BF506EA01D996CFA00BCBEC7 /* ringtoneTableViewController.swift */ = {isa = PBXFileReference; fileEncoding = 4; lastKnownFileType = sourcecode.swift; path = ringtoneTableViewController.swift; sourceTree = "<group>"; };
		BF517DB71D99A68300E24392 /* suchenContainerViewController.swift */ = {isa = PBXFileReference; fileEncoding = 4; lastKnownFileType = sourcecode.swift; path = suchenContainerViewController.swift; sourceTree = "<group>"; };
		BF57D95B1DEDE312006E73EE /* CoreDataZwo.xcdatamodel */ = {isa = PBXFileReference; lastKnownFileType = wrapper.xcdatamodel; path = CoreDataZwo.xcdatamodel; sourceTree = "<group>"; };
		BF594A551DE3277E00F80233 /* LocalAuthentication.framework */ = {isa = PBXFileReference; lastKnownFileType = wrapper.framework; name = LocalAuthentication.framework; path = System/Library/Frameworks/LocalAuthentication.framework; sourceTree = SDKROOT; };
		BF5F03EE1DA5B7CA00889974 /* detailSuchenContainerViewController.swift */ = {isa = PBXFileReference; fileEncoding = 4; lastKnownFileType = sourcecode.swift; path = detailSuchenContainerViewController.swift; sourceTree = "<group>"; };
		BF5F03F01DA5B7E500889974 /* detailSuchenTableViewController.swift */ = {isa = PBXFileReference; fileEncoding = 4; lastKnownFileType = sourcecode.swift; path = detailSuchenTableViewController.swift; sourceTree = "<group>"; };
		BF6EA7641E3E128E00723E4B /* sound1.mp3 */ = {isa = PBXFileReference; lastKnownFileType = audio.mp3; path = sound1.mp3; sourceTree = "<group>"; };
		BF6EA7651E3E128E00723E4B /* sound2.mp3 */ = {isa = PBXFileReference; lastKnownFileType = audio.mp3; path = sound2.mp3; sourceTree = "<group>"; };
		BF6EA7661E3E128E00723E4B /* sound3.mp3 */ = {isa = PBXFileReference; lastKnownFileType = audio.mp3; path = sound3.mp3; sourceTree = "<group>"; };
		BF97E3071D9F13EC00E1D2A2 /* confirmPasswordTableViewController.swift */ = {isa = PBXFileReference; fileEncoding = 4; lastKnownFileType = sourcecode.swift; path = confirmPasswordTableViewController.swift; sourceTree = "<group>"; };
		BFC079321D9AE9C200731A56 /* setPasswordContainerViewController.swift */ = {isa = PBXFileReference; fileEncoding = 4; lastKnownFileType = sourcecode.swift; path = setPasswordContainerViewController.swift; sourceTree = "<group>"; };
		BFC079341D9AEDD000731A56 /* farbeContainerViewController.swift */ = {isa = PBXFileReference; fileEncoding = 4; lastKnownFileType = sourcecode.swift; path = farbeContainerViewController.swift; sourceTree = "<group>"; };
		BFC079361D9AF29300731A56 /* suchenTableViewController.swift */ = {isa = PBXFileReference; fileEncoding = 4; lastKnownFileType = sourcecode.swift; path = suchenTableViewController.swift; sourceTree = "<group>"; };
		BFC3ED7C1D78204100BAC946 /* CoreDataZwo.app */ = {isa = PBXFileReference; explicitFileType = wrapper.application; includeInIndex = 0; path = CoreDataZwo.app; sourceTree = BUILT_PRODUCTS_DIR; };
		BFC3ED7F1D78204200BAC946 /* AppDelegate.swift */ = {isa = PBXFileReference; lastKnownFileType = sourcecode.swift; path = AppDelegate.swift; sourceTree = "<group>"; };
		BFC3ED841D78204200BAC946 /* Base */ = {isa = PBXFileReference; lastKnownFileType = file.storyboard; name = Base; path = Base.lproj/Main.storyboard; sourceTree = "<group>"; };
		BFC3ED891D78204200BAC946 /* Assets.xcassets */ = {isa = PBXFileReference; lastKnownFileType = folder.assetcatalog; path = Assets.xcassets; sourceTree = "<group>"; };
		BFC3ED8C1D78204200BAC946 /* Base */ = {isa = PBXFileReference; lastKnownFileType = file.storyboard; name = Base; path = Base.lproj/LaunchScreen.storyboard; sourceTree = "<group>"; };
		BFC3ED8E1D78204200BAC946 /* Info.plist */ = {isa = PBXFileReference; lastKnownFileType = text.plist.xml; path = Info.plist; sourceTree = "<group>"; };
		BFC3ED931D78204200BAC946 /* CoreDataZwo.xctest */ = {isa = PBXFileReference; explicitFileType = wrapper.cfbundle; includeInIndex = 0; path = CoreDataZwo.xctest; sourceTree = BUILT_PRODUCTS_DIR; };
		BFC3ED971D78204200BAC946 /* CoreDataZwoTests.swift */ = {isa = PBXFileReference; lastKnownFileType = sourcecode.swift; name = CoreDataZwoTests.swift; path = CoreDataZwoTests/CoreDataZwoTests.swift; sourceTree = SOURCE_ROOT; };
		BFC3ED991D78204200BAC946 /* Info.plist */ = {isa = PBXFileReference; lastKnownFileType = text.plist.xml; name = Info.plist; path = CoreDataZwoTests/Info.plist; sourceTree = SOURCE_ROOT; };
		BFC3ED9E1D78204200BAC946 /* CoreDataZwo.xctest */ = {isa = PBXFileReference; explicitFileType = wrapper.cfbundle; includeInIndex = 0; path = CoreDataZwo.xctest; sourceTree = BUILT_PRODUCTS_DIR; };
		BFC3EDA21D78204200BAC946 /* CoreDataZwoUITests.swift */ = {isa = PBXFileReference; lastKnownFileType = sourcecode.swift; path = CoreDataZwoUITests.swift; sourceTree = "<group>"; };
		BFC3EDA41D78204200BAC946 /* Info.plist */ = {isa = PBXFileReference; lastKnownFileType = text.plist.xml; path = Info.plist; sourceTree = "<group>"; };
		BFD3E3581D9D0804008EDDAA /* confirmPasswordContainerViewController.swift */ = {isa = PBXFileReference; fileEncoding = 4; lastKnownFileType = sourcecode.swift; path = confirmPasswordContainerViewController.swift; sourceTree = "<group>"; };
		BFD3E35B1D9D190A008EDDAA /* verbindenContainerViewController.swift */ = {isa = PBXFileReference; fileEncoding = 4; lastKnownFileType = sourcecode.swift; path = verbindenContainerViewController.swift; sourceTree = "<group>"; };
		BFD3E35D1D9D1AF7008EDDAA /* tabBarController.swift */ = {isa = PBXFileReference; fileEncoding = 4; lastKnownFileType = sourcecode.swift; path = tabBarController.swift; sourceTree = "<group>"; };
		BFD3E35F1D9D2555008EDDAA /* verbindenTableViewController.swift */ = {isa = PBXFileReference; fileEncoding = 4; lastKnownFileType = sourcecode.swift; path = verbindenTableViewController.swift; sourceTree = "<group>"; };
		BFD45BE71D7B935F00668D06 /* farbeTableViewController.swift */ = {isa = PBXFileReference; fileEncoding = 4; lastKnownFileType = sourcecode.swift; path = farbeTableViewController.swift; sourceTree = "<group>"; };
		BFD45BEA1D7C55AF00668D06 /* setPasswordTableViewController.swift */ = {isa = PBXFileReference; fileEncoding = 4; lastKnownFileType = sourcecode.swift; path = setPasswordTableViewController.swift; sourceTree = "<group>"; };
		BFD45BED1D7C89A300668D06 /* moreTableViewController.swift */ = {isa = PBXFileReference; fileEncoding = 4; lastKnownFileType = sourcecode.swift; path = moreTableViewController.swift; sourceTree = "<group>"; };
		BFE1BAB61D9AA8F30086D7F6 /* ansichtContainerViewController.swift */ = {isa = PBXFileReference; fileEncoding = 4; lastKnownFileType = sourcecode.swift; path = ansichtContainerViewController.swift; sourceTree = "<group>"; };
		BFE1BAB81D9AAC470086D7F6 /* hinzufügenContainerViewController.swift */ = {isa = PBXFileReference; fileEncoding = 4; lastKnownFileType = sourcecode.swift; path = "hinzufügenContainerViewController.swift"; sourceTree = "<group>"; };
/* End PBXFileReference section */

/* Begin PBXFrameworksBuildPhase section */
		BFC3ED791D78204100BAC946 /* Frameworks */ = {
			isa = PBXFrameworksBuildPhase;
			buildActionMask = 2147483647;
			files = (
				BF594A561DE3277E00F80233 /* LocalAuthentication.framework in Frameworks */,
			);
			runOnlyForDeploymentPostprocessing = 0;
		};
		BFC3ED901D78204200BAC946 /* Frameworks */ = {
			isa = PBXFrameworksBuildPhase;
			buildActionMask = 2147483647;
			files = (
			);
			runOnlyForDeploymentPostprocessing = 0;
		};
		BFC3ED9B1D78204200BAC946 /* Frameworks */ = {
			isa = PBXFrameworksBuildPhase;
			buildActionMask = 2147483647;
			files = (
			);
			runOnlyForDeploymentPostprocessing = 0;
		};
/* End PBXFrameworksBuildPhase section */

/* Begin PBXGroup section */
		BF2503D01D78B5DF00B6C1AA /* Maps */ = {
			isa = PBXGroup;
			children = (
				BF2503CC1D78770300B6C1AA /* mapViewController.swift */,
				BF517DB71D99A68300E24392 /* suchenContainerViewController.swift */,
				BFC079361D9AF29300731A56 /* suchenTableViewController.swift */,
				BF5F03EE1DA5B7CA00889974 /* detailSuchenContainerViewController.swift */,
				BF5F03F01DA5B7E500889974 /* detailSuchenTableViewController.swift */,
			);
			name = Maps;
			sourceTree = "<group>";
		};
		BF2503D11D78B5F400B6C1AA /* Übersicht */ = {
			isa = PBXGroup;
			children = (
				BFD3E35D1D9D1AF7008EDDAA /* tabBarController.swift */,
				BF2503DB1D7B096D00B6C1AA /* startseiteTableViewController.swift */,
				BF48A4801E3A60CB00F6416A /* startseiteTableViewCellViewController.xib */,
				BF48A4861E3A62BB00F6416A /* startseiteTableViewCellViewController.swift */,
			);
			name = "Übersicht";
			sourceTree = "<group>";
		};
		BF2503D21D78B61900B6C1AA /* Schlösser */ = {
			isa = PBXGroup;
			children = (
				BF2503CA1D78425A00B6C1AA /* ansichtTableViewController.swift */,
				BFE1BAB61D9AA8F30086D7F6 /* ansichtContainerViewController.swift */,
				BFD3E3581D9D0804008EDDAA /* confirmPasswordContainerViewController.swift */,
				BF97E3071D9F13EC00E1D2A2 /* confirmPasswordTableViewController.swift */,
			);
			name = "Schlösser";
			sourceTree = "<group>";
		};
		BF2503D31D78B63800B6C1AA /* System */ = {
			isa = PBXGroup;
			children = (
				BF57D95A1DEDE312006E73EE /* CoreDataZwo.xcdatamodeld */,
				BFC3ED7F1D78204200BAC946 /* AppDelegate.swift */,
				BFC3ED831D78204200BAC946 /* Main.storyboard */,
				BFC3ED891D78204200BAC946 /* Assets.xcassets */,
				BFC3ED8B1D78204200BAC946 /* LaunchScreen.storyboard */,
				BFC3ED8E1D78204200BAC946 /* Info.plist */,
				BF6EA76A1E3E12E500723E4B /* sounds */,
			);
			name = System;
			sourceTree = "<group>";
		};
		BF2503D81D7AFB6E00B6C1AA /* Hinzufügen */ = {
			isa = PBXGroup;
			children = (
				BF2503D91D7AFB9400B6C1AA /* hinzufügenTableViewController.swift */,
				BFE1BAB81D9AAC470086D7F6 /* hinzufügenContainerViewController.swift */,
				BFC079341D9AEDD000731A56 /* farbeContainerViewController.swift */,
				BFD45BE71D7B935F00668D06 /* farbeTableViewController.swift */,
				BFD45BEA1D7C55AF00668D06 /* setPasswordTableViewController.swift */,
				BFC079321D9AE9C200731A56 /* setPasswordContainerViewController.swift */,
			);
			name = "Hinzufügen";
			sourceTree = "<group>";
		};
		BF594A541DE3277D00F80233 /* Frameworks */ = {
			isa = PBXGroup;
			children = (
				BF594A551DE3277E00F80233 /* LocalAuthentication.framework */,
			);
			name = Frameworks;
			sourceTree = "<group>";
		};
		BF6EA76A1E3E12E500723E4B /* sounds */ = {
			isa = PBXGroup;
			children = (
				BF6EA7641E3E128E00723E4B /* sound1.mp3 */,
				BF6EA7651E3E128E00723E4B /* sound2.mp3 */,
				BF6EA7661E3E128E00723E4B /* sound3.mp3 */,
			);
			name = sounds;
			sourceTree = "<group>";
		};
		BFC3ED731D78204100BAC946 = {
			isa = PBXGroup;
			children = (
				BFC3ED7E1D78204100BAC946 /* CoreDataZwo */,
				BFC3ED961D78204200BAC946 /* CoreDataZwoTests */,
				BFC3ED971D78204200BAC946 /* CoreDataZwoTests.swift */,
				BFC3ED991D78204200BAC946 /* Info.plist */,
				BFC3EDA11D78204200BAC946 /* CoreDataZwoUITests */,
				BFC3ED7D1D78204100BAC946 /* Products */,
				BF594A541DE3277D00F80233 /* Frameworks */,
			);
			sourceTree = "<group>";
		};
		BFC3ED7D1D78204100BAC946 /* Products */ = {
			isa = PBXGroup;
			children = (
				BFC3ED7C1D78204100BAC946 /* CoreDataZwo.app */,
				BFC3ED931D78204200BAC946 /* CoreDataZwo.xctest */,
				BFC3ED9E1D78204200BAC946 /* CoreDataZwo.xctest */,
			);
			name = Products;
			sourceTree = "<group>";
		};
		BFC3ED7E1D78204100BAC946 /* CoreDataZwo */ = {
			isa = PBXGroup;
			children = (
				BF2503D11D78B5F400B6C1AA /* Übersicht */,
				BF2503D81D7AFB6E00B6C1AA /* Hinzufügen */,
				BF2503D21D78B61900B6C1AA /* Schlösser */,
				BF2503D01D78B5DF00B6C1AA /* Maps */,
				BFD45BEC1D7C896D00668D06 /* More */,
				BFD3E35A1D9D18B2008EDDAA /* Verbinden */,
				BF2503D31D78B63800B6C1AA /* System */,
			);
			path = CoreDataZwo;
			sourceTree = "<group>";
		};
		BFC3ED961D78204200BAC946 /* CoreDataZwoTests */ = {
			isa = PBXGroup;
			children = (
			);
			path = CoreDataZwoTests;
			sourceTree = SOURCE_ROOT;
		};
		BFC3EDA11D78204200BAC946 /* CoreDataZwoUITests */ = {
			isa = PBXGroup;
			children = (
				BFC3EDA21D78204200BAC946 /* CoreDataZwoUITests.swift */,
				BFC3EDA41D78204200BAC946 /* Info.plist */,
			);
			path = CoreDataZwoUITests;
			sourceTree = SOURCE_ROOT;
		};
		BFD3E35A1D9D18B2008EDDAA /* Verbinden */ = {
			isa = PBXGroup;
			children = (
				BFD3E35B1D9D190A008EDDAA /* verbindenContainerViewController.swift */,
				BFD3E35F1D9D2555008EDDAA /* verbindenTableViewController.swift */,
			);
			name = Verbinden;
			sourceTree = "<group>";
		};
		BFD45BEC1D7C896D00668D06 /* More */ = {
			isa = PBXGroup;
			children = (
				BFD45BED1D7C89A300668D06 /* moreTableViewController.swift */,
				BF506E9E1D99667000BCBEC7 /* ringtoneContainerViewController.swift */,
				BF506EA01D996CFA00BCBEC7 /* ringtoneTableViewController.swift */,
			);
			name = More;
			sourceTree = "<group>";
		};
/* End PBXGroup section */

/* Begin PBXNativeTarget section */
		BFC3ED7B1D78204100BAC946 /* CoreDataZwo */ = {
			isa = PBXNativeTarget;
			buildConfigurationList = BFC3EDA71D78204200BAC946 /* Build configuration list for PBXNativeTarget "CoreDataZwo" */;
			buildPhases = (
				BFC3ED781D78204100BAC946 /* Sources */,
				BFC3ED791D78204100BAC946 /* Frameworks */,
				BFC3ED7A1D78204100BAC946 /* Resources */,
			);
			buildRules = (
			);
			dependencies = (
			);
			name = CoreDataZwo;
			productName = CoreDataZwo;
			productReference = BFC3ED7C1D78204100BAC946 /* CoreDataZwo.app */;
			productType = "com.apple.product-type.application";
		};
		BFC3ED921D78204200BAC946 /* CoreDataZwoTests */ = {
			isa = PBXNativeTarget;
			buildConfigurationList = BFC3EDAA1D78204200BAC946 /* Build configuration list for PBXNativeTarget "CoreDataZwoTests" */;
			buildPhases = (
				BFC3ED8F1D78204200BAC946 /* Sources */,
				BFC3ED901D78204200BAC946 /* Frameworks */,
				BFC3ED911D78204200BAC946 /* Resources */,
			);
			buildRules = (
			);
			dependencies = (
				BFC3ED951D78204200BAC946 /* PBXTargetDependency */,
			);
			name = CoreDataZwoTests;
			productName = CoreDataZwoTests;
			productReference = BFC3ED931D78204200BAC946 /* CoreDataZwo.xctest */;
			productType = "com.apple.product-type.bundle.unit-test";
		};
		BFC3ED9D1D78204200BAC946 /* CoreDataZwoUITests */ = {
			isa = PBXNativeTarget;
			buildConfigurationList = BFC3EDAD1D78204200BAC946 /* Build configuration list for PBXNativeTarget "CoreDataZwoUITests" */;
			buildPhases = (
				BFC3ED9A1D78204200BAC946 /* Sources */,
				BFC3ED9B1D78204200BAC946 /* Frameworks */,
				BFC3ED9C1D78204200BAC946 /* Resources */,
			);
			buildRules = (
			);
			dependencies = (
				BFC3EDA01D78204200BAC946 /* PBXTargetDependency */,
			);
			name = CoreDataZwoUITests;
			productName = CoreDataZwoUITests;
			productReference = BFC3ED9E1D78204200BAC946 /* CoreDataZwo.xctest */;
			productType = "com.apple.product-type.bundle.ui-testing";
		};
/* End PBXNativeTarget section */

/* Begin PBXProject section */
		BFC3ED741D78204100BAC946 /* Project object */ = {
			isa = PBXProject;
			attributes = {
				LastSwiftUpdateCheck = 0730;
				LastUpgradeCheck = 0800;
				ORGANIZATIONNAME = "Anton Quietzsch";
				TargetAttributes = {
					BFC3ED7B1D78204100BAC946 = {
						CreatedOnToolsVersion = 7.3.1;
						DevelopmentTeam = ZGXK69528C;
						LastSwiftMigration = 0800;
						ProvisioningStyle = Automatic;
					};
					BFC3ED921D78204200BAC946 = {
						CreatedOnToolsVersion = 7.3.1;
						DevelopmentTeam = ZGXK69528C;
						LastSwiftMigration = 0800;
						TestTargetID = BFC3ED7B1D78204100BAC946;
					};
					BFC3ED9D1D78204200BAC946 = {
						CreatedOnToolsVersion = 7.3.1;
						DevelopmentTeam = ZGXK69528C;
						LastSwiftMigration = 0800;
						TestTargetID = BFC3ED7B1D78204100BAC946;
					};
				};
			};
			buildConfigurationList = BFC3ED771D78204100BAC946 /* Build configuration list for PBXProject "CoreDataZwo" */;
			compatibilityVersion = "Xcode 3.2";
			developmentRegion = English;
			hasScannedForEncodings = 0;
			knownRegions = (
				en,
				Base,
			);
			mainGroup = BFC3ED731D78204100BAC946;
			productRefGroup = BFC3ED7D1D78204100BAC946 /* Products */;
			projectDirPath = "";
			projectRoot = "";
			targets = (
				BFC3ED7B1D78204100BAC946 /* CoreDataZwo */,
				BFC3ED921D78204200BAC946 /* CoreDataZwoTests */,
				BFC3ED9D1D78204200BAC946 /* CoreDataZwoUITests */,
			);
		};
/* End PBXProject section */

/* Begin PBXResourcesBuildPhase section */
		BFC3ED7A1D78204100BAC946 /* Resources */ = {
			isa = PBXResourcesBuildPhase;
			buildActionMask = 2147483647;
			files = (
				BF6EA7671E3E128E00723E4B /* sound1.mp3 in Resources */,
				BFC3ED8D1D78204200BAC946 /* LaunchScreen.storyboard in Resources */,
				BFC3ED8A1D78204200BAC946 /* Assets.xcassets in Resources */,
				BFC3ED851D78204200BAC946 /* Main.storyboard in Resources */,
				BF48A4811E3A60CB00F6416A /* startseiteTableViewCellViewController.xib in Resources */,
				BF6EA7691E3E128E00723E4B /* sound3.mp3 in Resources */,
				BF6EA7681E3E128E00723E4B /* sound2.mp3 in Resources */,
			);
			runOnlyForDeploymentPostprocessing = 0;
		};
		BFC3ED911D78204200BAC946 /* Resources */ = {
			isa = PBXResourcesBuildPhase;
			buildActionMask = 2147483647;
			files = (
			);
			runOnlyForDeploymentPostprocessing = 0;
		};
		BFC3ED9C1D78204200BAC946 /* Resources */ = {
			isa = PBXResourcesBuildPhase;
			buildActionMask = 2147483647;
			files = (
			);
			runOnlyForDeploymentPostprocessing = 0;
		};
/* End PBXResourcesBuildPhase section */

/* Begin PBXSourcesBuildPhase section */
		BFC3ED781D78204100BAC946 /* Sources */ = {
			isa = PBXSourcesBuildPhase;
			buildActionMask = 2147483647;
			files = (
				BFE1BAB91D9AAC470086D7F6 /* hinzufügenContainerViewController.swift in Sources */,
				BF5F03F11DA5B7E500889974 /* detailSuchenTableViewController.swift in Sources */,
				BFD3E35C1D9D190B008EDDAA /* verbindenContainerViewController.swift in Sources */,
				BF517DB81D99A68300E24392 /* suchenContainerViewController.swift in Sources */,
				BFD3E35E1D9D1AF7008EDDAA /* tabBarController.swift in Sources */,
				BF2503DC1D7B096D00B6C1AA /* startseiteTableViewController.swift in Sources */,
				BF506EA11D996CFA00BCBEC7 /* ringtoneTableViewController.swift in Sources */,
				BFC079371D9AF29300731A56 /* suchenTableViewController.swift in Sources */,
				BFD45BEB1D7C55AF00668D06 /* setPasswordTableViewController.swift in Sources */,
				BF2503CD1D78770300B6C1AA /* mapViewController.swift in Sources */,
				BFC079351D9AEDD000731A56 /* farbeContainerViewController.swift in Sources */,
				BF57D95C1DEDE312006E73EE /* CoreDataZwo.xcdatamodeld in Sources */,
				BFD3E3601D9D2555008EDDAA /* verbindenTableViewController.swift in Sources */,
				BFD45BE81D7B935F00668D06 /* farbeTableViewController.swift in Sources */,
				BFD45BEE1D7C89A300668D06 /* moreTableViewController.swift in Sources */,
				BFE1BAB71D9AA8F30086D7F6 /* ansichtContainerViewController.swift in Sources */,
				BFC079331D9AE9C200731A56 /* setPasswordContainerViewController.swift in Sources */,
				BF2503CB1D78425A00B6C1AA /* ansichtTableViewController.swift in Sources */,
				BF48A4871E3A62BB00F6416A /* startseiteTableViewCellViewController.swift in Sources */,
				BF2503DA1D7AFB9400B6C1AA /* hinzufügenTableViewController.swift in Sources */,
				BF97E3081D9F13EC00E1D2A2 /* confirmPasswordTableViewController.swift in Sources */,
				BFC3ED801D78204200BAC946 /* AppDelegate.swift in Sources */,
				BFD3E3591D9D0804008EDDAA /* confirmPasswordContainerViewController.swift in Sources */,
				BF506E9F1D99667100BCBEC7 /* ringtoneContainerViewController.swift in Sources */,
				BF5F03EF1DA5B7CA00889974 /* detailSuchenContainerViewController.swift in Sources */,
			);
			runOnlyForDeploymentPostprocessing = 0;
		};
		BFC3ED8F1D78204200BAC946 /* Sources */ = {
			isa = PBXSourcesBuildPhase;
			buildActionMask = 2147483647;
			files = (
				BFC3ED981D78204200BAC946 /* CoreDataZwoTests.swift in Sources */,
			);
			runOnlyForDeploymentPostprocessing = 0;
		};
		BFC3ED9A1D78204200BAC946 /* Sources */ = {
			isa = PBXSourcesBuildPhase;
			buildActionMask = 2147483647;
			files = (
				BFC3EDA31D78204200BAC946 /* CoreDataZwoUITests.swift in Sources */,
			);
			runOnlyForDeploymentPostprocessing = 0;
		};
/* End PBXSourcesBuildPhase section */

/* Begin PBXTargetDependency section */
		BFC3ED951D78204200BAC946 /* PBXTargetDependency */ = {
			isa = PBXTargetDependency;
			target = BFC3ED7B1D78204100BAC946 /* CoreDataZwo */;
			targetProxy = BFC3ED941D78204200BAC946 /* PBXContainerItemProxy */;
		};
		BFC3EDA01D78204200BAC946 /* PBXTargetDependency */ = {
			isa = PBXTargetDependency;
			target = BFC3ED7B1D78204100BAC946 /* CoreDataZwo */;
			targetProxy = BFC3ED9F1D78204200BAC946 /* PBXContainerItemProxy */;
		};
/* End PBXTargetDependency section */

/* Begin PBXVariantGroup section */
		BFC3ED831D78204200BAC946 /* Main.storyboard */ = {
			isa = PBXVariantGroup;
			children = (
				BFC3ED841D78204200BAC946 /* Base */,
			);
			name = Main.storyboard;
			sourceTree = "<group>";
		};
		BFC3ED8B1D78204200BAC946 /* LaunchScreen.storyboard */ = {
			isa = PBXVariantGroup;
			children = (
				BFC3ED8C1D78204200BAC946 /* Base */,
			);
			name = LaunchScreen.storyboard;
			sourceTree = "<group>";
		};
/* End PBXVariantGroup section */

/* Begin XCBuildConfiguration section */
		BFC3EDA51D78204200BAC946 /* Debug */ = {
			isa = XCBuildConfiguration;
			buildSettings = {
				ALWAYS_SEARCH_USER_PATHS = NO;
				CLANG_ANALYZER_NONNULL = YES;
				CLANG_CXX_LANGUAGE_STANDARD = "gnu++0x";
				CLANG_CXX_LIBRARY = "libc++";
				CLANG_ENABLE_MODULES = YES;
				CLANG_ENABLE_OBJC_ARC = YES;
				CLANG_WARN_BOOL_CONVERSION = YES;
				CLANG_WARN_CONSTANT_CONVERSION = YES;
				CLANG_WARN_DIRECT_OBJC_ISA_USAGE = YES_ERROR;
				CLANG_WARN_EMPTY_BODY = YES;
				CLANG_WARN_ENUM_CONVERSION = YES;
				CLANG_WARN_INFINITE_RECURSION = YES;
				CLANG_WARN_INT_CONVERSION = YES;
				CLANG_WARN_OBJC_ROOT_CLASS = YES_ERROR;
				CLANG_WARN_SUSPICIOUS_MOVE = YES;
				CLANG_WARN_UNREACHABLE_CODE = YES;
				CLANG_WARN__DUPLICATE_METHOD_MATCH = YES;
				"CODE_SIGN_IDENTITY[sdk=iphoneos*]" = "iPhone Developer";
				COPY_PHASE_STRIP = NO;
				DEBUG_INFORMATION_FORMAT = dwarf;
				ENABLE_STRICT_OBJC_MSGSEND = YES;
				ENABLE_TESTABILITY = YES;
				GCC_C_LANGUAGE_STANDARD = gnu99;
				GCC_DYNAMIC_NO_PIC = NO;
				GCC_NO_COMMON_BLOCKS = YES;
				GCC_OPTIMIZATION_LEVEL = 0;
				GCC_PREPROCESSOR_DEFINITIONS = (
					"DEBUG=1",
					"$(inherited)",
				);
				GCC_WARN_64_TO_32_BIT_CONVERSION = YES;
				GCC_WARN_ABOUT_RETURN_TYPE = YES_ERROR;
				GCC_WARN_UNDECLARED_SELECTOR = YES;
				GCC_WARN_UNINITIALIZED_AUTOS = YES_AGGRESSIVE;
				GCC_WARN_UNUSED_FUNCTION = YES;
				GCC_WARN_UNUSED_VARIABLE = YES;
				IPHONEOS_DEPLOYMENT_TARGET = 9.3;
				MTL_ENABLE_DEBUG_INFO = YES;
				ONLY_ACTIVE_ARCH = YES;
				SDKROOT = iphoneos;
				SWIFT_OPTIMIZATION_LEVEL = "-Onone";
				TARGETED_DEVICE_FAMILY = "1,2";
			};
			name = Debug;
		};
		BFC3EDA61D78204200BAC946 /* Release */ = {
			isa = XCBuildConfiguration;
			buildSettings = {
				ALWAYS_SEARCH_USER_PATHS = NO;
				CLANG_ANALYZER_NONNULL = YES;
				CLANG_CXX_LANGUAGE_STANDARD = "gnu++0x";
				CLANG_CXX_LIBRARY = "libc++";
				CLANG_ENABLE_MODULES = YES;
				CLANG_ENABLE_OBJC_ARC = YES;
				CLANG_WARN_BOOL_CONVERSION = YES;
				CLANG_WARN_CONSTANT_CONVERSION = YES;
				CLANG_WARN_DIRECT_OBJC_ISA_USAGE = YES_ERROR;
				CLANG_WARN_EMPTY_BODY = YES;
				CLANG_WARN_ENUM_CONVERSION = YES;
				CLANG_WARN_INFINITE_RECURSION = YES;
				CLANG_WARN_INT_CONVERSION = YES;
				CLANG_WARN_OBJC_ROOT_CLASS = YES_ERROR;
				CLANG_WARN_SUSPICIOUS_MOVE = YES;
				CLANG_WARN_UNREACHABLE_CODE = YES;
				CLANG_WARN__DUPLICATE_METHOD_MATCH = YES;
				"CODE_SIGN_IDENTITY[sdk=iphoneos*]" = "iPhone Developer";
				COPY_PHASE_STRIP = NO;
				DEBUG_INFORMATION_FORMAT = "dwarf-with-dsym";
				ENABLE_NS_ASSERTIONS = NO;
				ENABLE_STRICT_OBJC_MSGSEND = YES;
				GCC_C_LANGUAGE_STANDARD = gnu99;
				GCC_NO_COMMON_BLOCKS = YES;
				GCC_WARN_64_TO_32_BIT_CONVERSION = YES;
				GCC_WARN_ABOUT_RETURN_TYPE = YES_ERROR;
				GCC_WARN_UNDECLARED_SELECTOR = YES;
				GCC_WARN_UNINITIALIZED_AUTOS = YES_AGGRESSIVE;
				GCC_WARN_UNUSED_FUNCTION = YES;
				GCC_WARN_UNUSED_VARIABLE = YES;
				IPHONEOS_DEPLOYMENT_TARGET = 9.3;
				MTL_ENABLE_DEBUG_INFO = NO;
				SDKROOT = iphoneos;
				SWIFT_OPTIMIZATION_LEVEL = "-Owholemodule";
				TARGETED_DEVICE_FAMILY = "1,2";
				VALIDATE_PRODUCT = YES;
			};
			name = Release;
		};
		BFC3EDA81D78204200BAC946 /* Debug */ = {
			isa = XCBuildConfiguration;
			buildSettings = {
				ASSETCATALOG_COMPILER_APPICON_NAME = AppIcon;
				"CODE_SIGN_IDENTITY[sdk=iphoneos*]" = "iPhone Developer";
				DEVELOPMENT_TEAM = ZGXK69528C;
				INFOPLIST_FILE = CoreDataZwo/Info.plist;
				IPHONEOS_DEPLOYMENT_TARGET = 10.2;
				LD_RUNPATH_SEARCH_PATHS = "$(inherited) @executable_path/Frameworks";
				PRODUCT_BUNDLE_IDENTIFIER = antoniusapps.CoreDataZwo;
				PRODUCT_NAME = CoreDataZwo;
				SWIFT_VERSION = 3.0;
			};
			name = Debug;
		};
		BFC3EDA91D78204200BAC946 /* Release */ = {
			isa = XCBuildConfiguration;
			buildSettings = {
				ASSETCATALOG_COMPILER_APPICON_NAME = AppIcon;
				"CODE_SIGN_IDENTITY[sdk=iphoneos*]" = "iPhone Developer";
				DEVELOPMENT_TEAM = ZGXK69528C;
				INFOPLIST_FILE = CoreDataZwo/Info.plist;
				IPHONEOS_DEPLOYMENT_TARGET = 10.2;
				LD_RUNPATH_SEARCH_PATHS = "$(inherited) @executable_path/Frameworks";
				PRODUCT_BUNDLE_IDENTIFIER = antoniusapps.CoreDataZwo;
				PRODUCT_NAME = CoreDataZwo;
				SWIFT_VERSION = 3.0;
			};
			name = Release;
		};
		BFC3EDAB1D78204200BAC946 /* Debug */ = {
			isa = XCBuildConfiguration;
			buildSettings = {
				BUNDLE_LOADER = "$(TEST_HOST)";
				INFOPLIST_FILE = CoreDataZwoTests/Info.plist;
				LD_RUNPATH_SEARCH_PATHS = "$(inherited) @executable_path/Frameworks @loader_path/Frameworks";
				PRODUCT_BUNDLE_IDENTIFIER = antoniusapps.CoreDataZwoTests;
				PRODUCT_NAME = CoreDataZwo;
				SWIFT_VERSION = 3.0;
				TEST_HOST = "$(BUILT_PRODUCTS_DIR)/CoreDataZwo.app/CoreDataZwo";
			};
			name = Debug;
		};
		BFC3EDAC1D78204200BAC946 /* Release */ = {
			isa = XCBuildConfiguration;
			buildSettings = {
				BUNDLE_LOADER = "$(TEST_HOST)";
				INFOPLIST_FILE = CoreDataZwoTests/Info.plist;
				LD_RUNPATH_SEARCH_PATHS = "$(inherited) @executable_path/Frameworks @loader_path/Frameworks";
				PRODUCT_BUNDLE_IDENTIFIER = antoniusapps.CoreDataZwoTests;
				PRODUCT_NAME = CoreDataZwo;
				SWIFT_VERSION = 3.0;
				TEST_HOST = "$(BUILT_PRODUCTS_DIR)/CoreDataZwo.app/CoreDataZwo";
			};
			name = Release;
		};
		BFC3EDAE1D78204200BAC946 /* Debug */ = {
			isa = XCBuildConfiguration;
			buildSettings = {
				INFOPLIST_FILE = CoreDataZwoUITests/Info.plist;
				LD_RUNPATH_SEARCH_PATHS = "$(inherited) @executable_path/Frameworks @loader_path/Frameworks";
				PRODUCT_BUNDLE_IDENTIFIER = antoniusapps.CoreDataZwoUITests;
				PRODUCT_NAME = CoreDataZwo;
				SWIFT_VERSION = 3.0;
				TEST_TARGET_NAME = CoreDataZwo;
			};
			name = Debug;
		};
		BFC3EDAF1D78204200BAC946 /* Release */ = {
			isa = XCBuildConfiguration;
			buildSettings = {
				INFOPLIST_FILE = CoreDataZwoUITests/Info.plist;
				LD_RUNPATH_SEARCH_PATHS = "$(inherited) @executable_path/Frameworks @loader_path/Frameworks";
				PRODUCT_BUNDLE_IDENTIFIER = antoniusapps.CoreDataZwoUITests;
				PRODUCT_NAME = CoreDataZwo;
				SWIFT_VERSION = 3.0;
				TEST_TARGET_NAME = CoreDataZwo;
			};
			name = Release;
		};
/* End XCBuildConfiguration section */

/* Begin XCConfigurationList section */
		BFC3ED771D78204100BAC946 /* Build configuration list for PBXProject "CoreDataZwo" */ = {
			isa = XCConfigurationList;
			buildConfigurations = (
				BFC3EDA51D78204200BAC946 /* Debug */,
				BFC3EDA61D78204200BAC946 /* Release */,
			);
			defaultConfigurationIsVisible = 0;
			defaultConfigurationName = Release;
		};
		BFC3EDA71D78204200BAC946 /* Build configuration list for PBXNativeTarget "CoreDataZwo" */ = {
			isa = XCConfigurationList;
			buildConfigurations = (
				BFC3EDA81D78204200BAC946 /* Debug */,
				BFC3EDA91D78204200BAC946 /* Release */,
			);
			defaultConfigurationIsVisible = 0;
			defaultConfigurationName = Release;
		};
		BFC3EDAA1D78204200BAC946 /* Build configuration list for PBXNativeTarget "CoreDataZwoTests" */ = {
			isa = XCConfigurationList;
			buildConfigurations = (
				BFC3EDAB1D78204200BAC946 /* Debug */,
				BFC3EDAC1D78204200BAC946 /* Release */,
			);
			defaultConfigurationIsVisible = 0;
			defaultConfigurationName = Release;
		};
		BFC3EDAD1D78204200BAC946 /* Build configuration list for PBXNativeTarget "CoreDataZwoUITests" */ = {
			isa = XCConfigurationList;
			buildConfigurations = (
				BFC3EDAE1D78204200BAC946 /* Debug */,
				BFC3EDAF1D78204200BAC946 /* Release */,
			);
			defaultConfigurationIsVisible = 0;
			defaultConfigurationName = Release;
		};
/* End XCConfigurationList section */

/* Begin XCVersionGroup section */
		BF57D95A1DEDE312006E73EE /* CoreDataZwo.xcdatamodeld */ = {
			isa = XCVersionGroup;
			children = (
				BF57D95B1DEDE312006E73EE /* CoreDataZwo.xcdatamodel */,
			);
			currentVersion = BF57D95B1DEDE312006E73EE /* CoreDataZwo.xcdatamodel */;
			path = CoreDataZwo.xcdatamodeld;
			sourceTree = "<group>";
			versionGroupType = wrapper.xcdatamodel;
		};
/* End XCVersionGroup section */
	};
	rootObject = BFC3ED741D78204100BAC946 /* Project object */;
}
